// !$*UTF8*$!
{
	archiveVersion = 1;
	classes = {
	};
	objectVersion = 77;
	objects = {

/* Begin PBXBuildFile section */
		05412BD804CEF55569CAE7EF /* XDRemuxCore.swift in Sources */ = {isa = PBXBuildFile; fileRef = 6145D033286A8F0E09BD373D /* XDRemuxCore.swift */; };
		0F43851D4B592404CEAC2195 /* XDRemuxViewModel.swift in Sources */ = {isa = PBXBuildFile; fileRef = 02861545396D149E80797322 /* XDRemuxViewModel.swift */; };
		31A8AD6AA40C358D2256BAE5 /* XDRemuxAppleFeatures in Frameworks */ = {isa = PBXBuildFile; productRef = 6161D9D9DDB6EF3D09CB1565 /* XDRemuxAppleFeatures */; };
		4647AC898D992E985AED2E10 /* VisualEffectView.swift in Sources */ = {isa = PBXBuildFile; fileRef = 78B033306E4AE0A568C34EBB /* VisualEffectView.swift */; };
		64707094865385A92093E856 /* ContentView.swift in Sources */ = {isa = PBXBuildFile; fileRef = 67B735B3E26375EEF954008A /* ContentView.swift */; };
		6CFF6C897EE95ADA2AD61994 /* XDRemuxCore in Frameworks */ = {isa = PBXBuildFile; productRef = 55A425FEE6F8B9E96D90D2BC /* XDRemuxCore */; };
		6FB05CECE182A7A46CEB0EAB /* XDRemuxViewModel.swift in Sources */ = {isa = PBXBuildFile; fileRef = 02861545396D149E80797322 /* XDRemuxViewModel.swift */; };
		730715CA1E3ED4981267A175 /* XDRemuxApp.swift in Sources */ = {isa = PBXBuildFile; fileRef = 8F286B32FD9F916FBCC95124 /* XDRemuxApp.swift */; };
		7D5AF2A3C8D8CD5B3E4C16ED /* PhotoCategorizationView.swift in Sources */ = {isa = PBXBuildFile; fileRef = FD897E1D2BE4F3EDFDA6F539 /* PhotoCategorizationView.swift */; };
		91B25CCEC94C36E1AD7C7ADF /* XDRemuxAppleFeatures in Frameworks */ = {isa = PBXBuildFile; productRef = 5387D4A93C45E1A2DD45B6EC /* XDRemuxAppleFeatures */; };
		941FF8D05D7878AE38937FE3 /* XDRemuxCore.swift in Sources */ = {isa = PBXBuildFile; fileRef = 6145D033286A8F0E09BD373D /* XDRemuxCore.swift */; };
		A5D5F7315B5BAB773495946F /* XDRemuxAppConversionSmoke.swift in Sources */ = {isa = PBXBuildFile; fileRef = 4C1F041FB2225C19F92B5072 /* XDRemuxAppConversionSmoke.swift */; };
		A93949EEDCA56F8FE29266E3 /* XDRemuxCore in Frameworks */ = {isa = PBXBuildFile; productRef = 5A1D61EF06B4A13105FB0521 /* XDRemuxCore */; };
		AA8B69637B6501859D143F53 /* Assets.xcassets in Resources */ = {isa = PBXBuildFile; fileRef = C71CCE0438700ED958A717D9 /* Assets.xcassets */; };
		B66A0608AE01B0872E60A8B5 /* XDRemuxCore.swift in Sources */ = {isa = PBXBuildFile; fileRef = 6145D033286A8F0E09BD373D /* XDRemuxCore.swift */; };
		BAF5DCC3B6AB918C96092168 /* PhotoCategorizationViewModel.swift in Sources */ = {isa = PBXBuildFile; fileRef = 84352F34EF49AA75EBBD028F /* PhotoCategorizationViewModel.swift */; };
		C135C4E6E7337935172B1AAC /* PhotoCategorizationViewModel.swift in Sources */ = {isa = PBXBuildFile; fileRef = 84352F34EF49AA75EBBD028F /* PhotoCategorizationViewModel.swift */; };
		D9CEF12592FDD344F3F41A43 /* XDRemuxAppleFeatures in Frameworks */ = {isa = PBXBuildFile; productRef = F48590AC451F7304EEB000A2 /* XDRemuxAppleFeatures */; };
		E099FE876A4F0E60B9D321F9 /* XDRemuxAppModelTests.swift in Sources */ = {isa = PBXBuildFile; fileRef = 24D38BBBE639FE49CE3858D2 /* XDRemuxAppModelTests.swift */; };
		E1116493F99381D29CD7E8D7 /* AppStrings.swift in Sources */ = {isa = PBXBuildFile; fileRef = 4C894071433802A3CCD2584E /* AppStrings.swift */; };
		F5F31309C8B9E1444AFC858E /* XDRemuxCore in Frameworks */ = {isa = PBXBuildFile; productRef = 3F104D52F84F7132F954DC08 /* XDRemuxCore */; };
		FA8D86BD040C149938C2778B /* AppStrings.swift in Sources */ = {isa = PBXBuildFile; fileRef = 4C894071433802A3CCD2584E /* AppStrings.swift */; };
		FBAE381A260B401C292D7ABC /* AppStrings.swift in Sources */ = {isa = PBXBuildFile; fileRef = 4C894071433802A3CCD2584E /* AppStrings.swift */; };
/* End PBXBuildFile section */

/* Begin PBXFileReference section */
		02861545396D149E80797322 /* XDRemuxViewModel.swift */ = {isa = PBXFileReference; lastKnownFileType = sourcecode.swift; path = XDRemuxViewModel.swift; sourceTree = "<group>"; };
		24D38BBBE639FE49CE3858D2 /* XDRemuxAppModelTests.swift */ = {isa = PBXFileReference; lastKnownFileType = sourcecode.swift; path = XDRemuxAppModelTests.swift; sourceTree = "<group>"; };
		33E42AF90B0C23E087B64A36 /* XDRemuxApp.app */ = {isa = PBXFileReference; explicitFileType = wrapper.application; includeInIndex = 0; path = XDRemuxApp.app; sourceTree = BUILT_PRODUCTS_DIR; };
		385EDD63795756F2E8F07D00 /* proxdrtest */ = {isa = PBXFileReference; lastKnownFileType = folder; name = proxdrtest; path = ../../..; sourceTree = SOURCE_ROOT; };
		4C1F041FB2225C19F92B5072 /* XDRemuxAppConversionSmoke.swift */ = {isa = PBXFileReference; lastKnownFileType = sourcecode.swift; path = XDRemuxAppConversionSmoke.swift; sourceTree = "<group>"; };
		4C894071433802A3CCD2584E /* AppStrings.swift */ = {isa = PBXFileReference; lastKnownFileType = sourcecode.swift; path = AppStrings.swift; sourceTree = "<group>"; };
		6145D033286A8F0E09BD373D /* XDRemuxCore.swift */ = {isa = PBXFileReference; lastKnownFileType = sourcecode.swift; path = XDRemuxCore.swift; sourceTree = "<group>"; };
		67B735B3E26375EEF954008A /* ContentView.swift */ = {isa = PBXFileReference; lastKnownFileType = sourcecode.swift; path = ContentView.swift; sourceTree = "<group>"; };
		78B033306E4AE0A568C34EBB /* VisualEffectView.swift */ = {isa = PBXFileReference; lastKnownFileType = sourcecode.swift; path = VisualEffectView.swift; sourceTree = "<group>"; };
		84352F34EF49AA75EBBD028F /* PhotoCategorizationViewModel.swift */ = {isa = PBXFileReference; lastKnownFileType = sourcecode.swift; path = PhotoCategorizationViewModel.swift; sourceTree = "<group>"; };
		8E527F1F8D6D31E4D93147BD /* XDRemuxAppModelTests */ = {isa = PBXFileReference; includeInIndex = 0; path = XDRemuxAppModelTests; sourceTree = BUILT_PRODUCTS_DIR; };
		8F286B32FD9F916FBCC95124 /* XDRemuxApp.swift */ = {isa = PBXFileReference; lastKnownFileType = sourcecode.swift; path = XDRemuxApp.swift; sourceTree = "<group>"; };
		C71CCE0438700ED958A717D9 /* Assets.xcassets */ = {isa = PBXFileReference; lastKnownFileType = folder.assetcatalog; path = Assets.xcassets; sourceTree = "<group>"; };
		D91FEFE1496703DB6B56AFC8 /* XDRemuxAppConversionSmoke */ = {isa = PBXFileReference; includeInIndex = 0; path = XDRemuxAppConversionSmoke; sourceTree = BUILT_PRODUCTS_DIR; };
		FD897E1D2BE4F3EDFDA6F539 /* PhotoCategorizationView.swift */ = {isa = PBXFileReference; lastKnownFileType = sourcecode.swift; path = PhotoCategorizationView.swift; sourceTree = "<group>"; };
/* End PBXFileReference section */

/* Begin PBXFrameworksBuildPhase section */
		1B32BFE09B4822CD2A4A358C /* Frameworks */ = {
			isa = PBXFrameworksBuildPhase;
			buildActionMask = 2147483647;
			files = (
				F5F31309C8B9E1444AFC858E /* XDRemuxCore in Frameworks */,
				D9CEF12592FDD344F3F41A43 /* XDRemuxAppleFeatures in Frameworks */,
			);
			runOnlyForDeploymentPostprocessing = 0;
		};
		730CDBE8CE4E43B9FCB15ACE /* Frameworks */ = {
			isa = PBXFrameworksBuildPhase;
			buildActionMask = 2147483647;
			files = (
				A93949EEDCA56F8FE29266E3 /* XDRemuxCore in Frameworks */,
				91B25CCEC94C36E1AD7C7ADF /* XDRemuxAppleFeatures in Frameworks */,
			);
			runOnlyForDeploymentPostprocessing = 0;
		};
		7D64FFF3FA8351B5E9B98B9E /* Frameworks */ = {
			isa = PBXFrameworksBuildPhase;
			buildActionMask = 2147483647;
			files = (
				6CFF6C897EE95ADA2AD61994 /* XDRemuxCore in Frameworks */,
				31A8AD6AA40C358D2256BAE5 /* XDRemuxAppleFeatures in Frameworks */,
			);
			runOnlyForDeploymentPostprocessing = 0;
		};
/* End PBXFrameworksBuildPhase section */

/* Begin PBXGroup section */
		1DF0B83CD6A4294749BA3C29 /* Tests */ = {
			isa = PBXGroup;
			children = (
				4C1F041FB2225C19F92B5072 /* XDRemuxAppConversionSmoke.swift */,
				24D38BBBE639FE49CE3858D2 /* XDRemuxAppModelTests.swift */,
			);
			path = Tests;
			sourceTree = "<group>";
		};
		47AC7D1C26659BEDC0B30E28 /* Products */ = {
			isa = PBXGroup;
			children = (
				33E42AF90B0C23E087B64A36 /* XDRemuxApp.app */,
				D91FEFE1496703DB6B56AFC8 /* XDRemuxAppConversionSmoke */,
				8E527F1F8D6D31E4D93147BD /* XDRemuxAppModelTests */,
			);
			name = Products;
			sourceTree = "<group>";
		};
		9FDEBE29B674DC40978103CC = {
			isa = PBXGroup;
			children = (
				C71CCE0438700ED958A717D9 /* Assets.xcassets */,
				B7A0A209B126F278B11B4134 /* Packages */,
				E7A4CA36C47CDA7399DC9F7B /* Sources */,
				1DF0B83CD6A4294749BA3C29 /* Tests */,
				47AC7D1C26659BEDC0B30E28 /* Products */,
			);
			sourceTree = "<group>";
		};
		B7A0A209B126F278B11B4134 /* Packages */ = {
			isa = PBXGroup;
			children = (
				385EDD63795756F2E8F07D00 /* proxdrtest */,
			);
			name = Packages;
			sourceTree = "<group>";
		};
		E7A4CA36C47CDA7399DC9F7B /* Sources */ = {
			isa = PBXGroup;
			children = (
				4C894071433802A3CCD2584E /* AppStrings.swift */,
				67B735B3E26375EEF954008A /* ContentView.swift */,
				FD897E1D2BE4F3EDFDA6F539 /* PhotoCategorizationView.swift */,
				84352F34EF49AA75EBBD028F /* PhotoCategorizationViewModel.swift */,
				78B033306E4AE0A568C34EBB /* VisualEffectView.swift */,
				8F286B32FD9F916FBCC95124 /* XDRemuxApp.swift */,
				6145D033286A8F0E09BD373D /* XDRemuxCore.swift */,
				02861545396D149E80797322 /* XDRemuxViewModel.swift */,
			);
			path = Sources;
			sourceTree = "<group>";
		};
/* End PBXGroup section */

/* Begin PBXNativeTarget section */
		50AFEF514F42441C1F5CA065 /* XDRemuxAppModelTests */ = {
			isa = PBXNativeTarget;
			buildConfigurationList = 9E7AA06415D18C7009F3CBDF /* Build configuration list for PBXNativeTarget "XDRemuxAppModelTests" */;
			buildPhases = (
				C920CDAC59EE4DB9E6637158 /* Sources */,
				7D64FFF3FA8351B5E9B98B9E /* Frameworks */,
			);
			buildRules = (
			);
			dependencies = (
			);
			name = XDRemuxAppModelTests;
			packageProductDependencies = (
				55A425FEE6F8B9E96D90D2BC /* XDRemuxCore */,
				6161D9D9DDB6EF3D09CB1565 /* XDRemuxAppleFeatures */,
			);
			productName = XDRemuxAppModelTests;
			productReference = 8E527F1F8D6D31E4D93147BD /* XDRemuxAppModelTests */;
			productType = "com.apple.product-type.tool";
		};
		AF3D641BAED6AD7AF7BA4842 /* XDRemuxApp */ = {
			isa = PBXNativeTarget;
			buildConfigurationList = 85CB44165E48F2F8587BA77E /* Build configuration list for PBXNativeTarget "XDRemuxApp" */;
			buildPhases = (
				80BA6548CDA15D10C2CBFABB /* Sources */,
				7852DCF60575A9880B4F9988 /* Resources */,
				1B32BFE09B4822CD2A4A358C /* Frameworks */,
			);
			buildRules = (
			);
			dependencies = (
			);
			name = XDRemuxApp;
			packageProductDependencies = (
				3F104D52F84F7132F954DC08 /* XDRemuxCore */,
				F48590AC451F7304EEB000A2 /* XDRemuxAppleFeatures */,
			);
			productName = XDRemuxApp;
			productReference = 33E42AF90B0C23E087B64A36 /* XDRemuxApp.app */;
			productType = "com.apple.product-type.application";
		};
		EDD9D32390AF7FF03419EF01 /* XDRemuxAppConversionSmoke */ = {
			isa = PBXNativeTarget;
			buildConfigurationList = C4EF20FFDEA8D4E0811426AE /* Build configuration list for PBXNativeTarget "XDRemuxAppConversionSmoke" */;
			buildPhases = (
				D36C54929D96C4B67FEEED6D /* Sources */,
				730CDBE8CE4E43B9FCB15ACE /* Frameworks */,
			);
			buildRules = (
			);
			dependencies = (
			);
			name = XDRemuxAppConversionSmoke;
			packageProductDependencies = (
				5A1D61EF06B4A13105FB0521 /* XDRemuxCore */,
				5387D4A93C45E1A2DD45B6EC /* XDRemuxAppleFeatures */,
			);
			productName = XDRemuxAppConversionSmoke;
			productReference = D91FEFE1496703DB6B56AFC8 /* XDRemuxAppConversionSmoke */;
			productType = "com.apple.product-type.tool";
		};
/* End PBXNativeTarget section */

/* Begin PBXProject section */
		9A7F749F21AB507A46FB89D2 /* Project object */ = {
			isa = PBXProject;
			attributes = {
				BuildIndependentTargetsInParallel = YES;
				LastUpgradeCheck = 1430;
				TargetAttributes = {
					AF3D641BAED6AD7AF7BA4842 = {
						ProvisioningStyle = Automatic;
					};
				};
			};
			buildConfigurationList = 4198193C287D6A1E2B413BBA /* Build configuration list for PBXProject "XDRemuxApp" */;
			compatibilityVersion = "Xcode 14.0";
			developmentRegion = en;
			hasScannedForEncodings = 0;
			knownRegions = (
				Base,
				en,
			);
			mainGroup = 9FDEBE29B674DC40978103CC;
			minimizedProjectReferenceProxies = 1;
			packageReferences = (
				8C62C6224FAFB1642DF7DFC9 /* XCLocalSwiftPackageReference "../../.." */,
			);
			preferredProjectObjectVersion = 77;
			projectDirPath = "";
			projectRoot = "";
			targets = (
				AF3D641BAED6AD7AF7BA4842 /* XDRemuxApp */,
				EDD9D32390AF7FF03419EF01 /* XDRemuxAppConversionSmoke */,
				50AFEF514F42441C1F5CA065 /* XDRemuxAppModelTests */,
			);
		};
/* End PBXProject section */

/* Begin PBXResourcesBuildPhase section */
		7852DCF60575A9880B4F9988 /* Resources */ = {
			isa = PBXResourcesBuildPhase;
			buildActionMask = 2147483647;
			files = (
				AA8B69637B6501859D143F53 /* Assets.xcassets in Resources */,
			);
			runOnlyForDeploymentPostprocessing = 0;
		};
/* End PBXResourcesBuildPhase section */

/* Begin PBXSourcesBuildPhase section */
		80BA6548CDA15D10C2CBFABB /* Sources */ = {
			isa = PBXSourcesBuildPhase;
			buildActionMask = 2147483647;
			files = (
				E1116493F99381D29CD7E8D7 /* AppStrings.swift in Sources */,
				64707094865385A92093E856 /* ContentView.swift in Sources */,
				7D5AF2A3C8D8CD5B3E4C16ED /* PhotoCategorizationView.swift in Sources */,
				BAF5DCC3B6AB918C96092168 /* PhotoCategorizationViewModel.swift in Sources */,
				4647AC898D992E985AED2E10 /* VisualEffectView.swift in Sources */,
				730715CA1E3ED4981267A175 /* XDRemuxApp.swift in Sources */,
				B66A0608AE01B0872E60A8B5 /* XDRemuxCore.swift in Sources */,
				6FB05CECE182A7A46CEB0EAB /* XDRemuxViewModel.swift in Sources */,
			);
			runOnlyForDeploymentPostprocessing = 0;
		};
		C920CDAC59EE4DB9E6637158 /* Sources */ = {
			isa = PBXSourcesBuildPhase;
			buildActionMask = 2147483647;
			files = (
				FBAE381A260B401C292D7ABC /* AppStrings.swift in Sources */,
				C135C4E6E7337935172B1AAC /* PhotoCategorizationViewModel.swift in Sources */,
				E099FE876A4F0E60B9D321F9 /* XDRemuxAppModelTests.swift in Sources */,
				05412BD804CEF55569CAE7EF /* XDRemuxCore.swift in Sources */,
				0F43851D4B592404CEAC2195 /* XDRemuxViewModel.swift in Sources */,
			);
			runOnlyForDeploymentPostprocessing = 0;
		};
		D36C54929D96C4B67FEEED6D /* Sources */ = {
			isa = PBXSourcesBuildPhase;
			buildActionMask = 2147483647;
			files = (
				FA8D86BD040C149938C2778B /* AppStrings.swift in Sources */,
				A5D5F7315B5BAB773495946F /* XDRemuxAppConversionSmoke.swift in Sources */,
				941FF8D05D7878AE38937FE3 /* XDRemuxCore.swift in Sources */,
			);
			runOnlyForDeploymentPostprocessing = 0;
		};
/* End PBXSourcesBuildPhase section */

/* Begin XCBuildConfiguration section */
		0842F78FE9009FC6A0F20304 /* Debug */ = {
			isa = XCBuildConfiguration;
			buildSettings = {
				ASSETCATALOG_COMPILER_APPICON_NAME = AppIcon;
				CODE_SIGN_IDENTITY = "-";
				CODE_SIGN_STYLE = Automatic;
				COMBINE_HIDPI_IMAGES = YES;
				ENABLE_APP_SANDBOX = NO;
				GENERATE_INFOPLIST_FILE = YES;
				INFOPLIST_KEY_LSApplicationCategoryType = "public.app-category.utilities";
				INFOPLIST_KEY_NSPrincipalClass = NSApplication;
				LD_RUNPATH_SEARCH_PATHS = (
					"$(inherited)",
					"@executable_path/../Frameworks",
				);
				MACOSX_DEPLOYMENT_TARGET = 15.0;
				PRODUCT_BUNDLE_IDENTIFIER = com.proxdr.XDRemuxApp;
				SDKROOT = macosx;
			};
			name = Debug;
		};
		25519BD28AB27D8EDD9F3B68 /* Debug */ = {
			isa = XCBuildConfiguration;
			buildSettings = {
				CODE_SIGN_IDENTITY = "-";
				COMBINE_HIDPI_IMAGES = YES;
				LD_RUNPATH_SEARCH_PATHS = (
					"$(inherited)",
					"@executable_path/../Frameworks",
				);
				MACOSX_DEPLOYMENT_TARGET = 15.0;
				PRODUCT_BUNDLE_IDENTIFIER = com.proxdr.XDRemuxAppModelTests;
				SDKROOT = macosx;
			};
			name = Debug;
		};
		271039D9B0886A4A6336D4DB /* Release */ = {
			isa = XCBuildConfiguration;
			buildSettings = {
				ASSETCATALOG_COMPILER_APPICON_NAME = AppIcon;
				CODE_SIGN_IDENTITY = "-";
				CODE_SIGN_STYLE = Automatic;
				COMBINE_HIDPI_IMAGES = YES;
				ENABLE_APP_SANDBOX = NO;
				GENERATE_INFOPLIST_FILE = YES;
				INFOPLIST_KEY_LSApplicationCategoryType = "public.app-category.utilities";
				INFOPLIST_KEY_NSPrincipalClass = NSApplication;
				LD_RUNPATH_SEARCH_PATHS = (
					"$(inherited)",
					"@executable_path/../Frameworks",
				);
				MACOSX_DEPLOYMENT_TARGET = 15.0;
				PRODUCT_BUNDLE_IDENTIFIER = com.proxdr.XDRemuxApp;
				SDKROOT = macosx;
			};
			name = Release;
		};
		2AA016EAD730FC9F81AEE354 /* Debug */ = {
			isa = XCBuildConfiguration;
			buildSettings = {
				ALWAYS_SEARCH_USER_PATHS = NO;
				CLANG_ANALYZER_NONNULL = YES;
				CLANG_ANALYZER_NUMBER_OBJECT_CONVERSION = YES_AGGRESSIVE;
				CLANG_CXX_LANGUAGE_STANDARD = "gnu++14";
				CLANG_CXX_LIBRARY = "libc++";
				CLANG_ENABLE_MODULES = YES;
				CLANG_ENABLE_OBJC_ARC = YES;
				CLANG_ENABLE_OBJC_WEAK = YES;
				CLANG_WARN_BLOCK_CAPTURE_AUTORELEASING = YES;
				CLANG_WARN_BOOL_CONVERSION = YES;
				CLANG_WARN_COMMA = YES;
				CLANG_WARN_CONSTANT_CONVERSION = YES;
				CLANG_WARN_DEPRECATED_OBJC_IMPLEMENTATIONS = YES;
				CLANG_WARN_DIRECT_OBJC_ISA_USAGE = YES_ERROR;
				CLANG_WARN_DOCUMENTATION_COMMENTS = YES;
				CLANG_WARN_EMPTY_BODY = YES;
				CLANG_WARN_ENUM_CONVERSION = YES;
				CLANG_WARN_INFINITE_RECURSION = YES;
				CLANG_WARN_INT_CONVERSION = YES;
				CLANG_WARN_NON_LITERAL_NULL_CONVERSION = YES;
				CLANG_WARN_OBJC_IMPLICIT_RETAIN_SELF = YES;
				CLANG_WARN_OBJC_LITERAL_CONVERSION = YES;
				CLANG_WARN_OBJC_ROOT_CLASS = YES_ERROR;
				CLANG_WARN_QUOTED_INCLUDE_IN_FRAMEWORK_HEADER = YES;
				CLANG_WARN_RANGE_LOOP_ANALYSIS = YES;
				CLANG_WARN_STRICT_PROTOTYPES = YES;
				CLANG_WARN_SUSPICIOUS_MOVE = YES;
				CLANG_WARN_UNGUARDED_AVAILABILITY = YES_AGGRESSIVE;
				CLANG_WARN_UNREACHABLE_CODE = YES;
				CLANG_WARN__DUPLICATE_METHOD_MATCH = YES;
				COPY_PHASE_STRIP = NO;
				DEBUG_INFORMATION_FORMAT = dwarf;
				ENABLE_STRICT_OBJC_MSGSEND = YES;
				ENABLE_TESTABILITY = YES;
				GCC_C_LANGUAGE_STANDARD = gnu11;
				GCC_DYNAMIC_NO_PIC = NO;
				GCC_NO_COMMON_BLOCKS = YES;
				GCC_OPTIMIZATION_LEVEL = 0;
				GCC_PREPROCESSOR_DEFINITIONS = (
					"$(inherited)",
					"DEBUG=1",
				);
				GCC_WARN_64_TO_32_BIT_CONVERSION = YES;
				GCC_WARN_ABOUT_RETURN_TYPE = YES_ERROR;
				GCC_WARN_UNDECLARED_SELECTOR = YES;
				GCC_WARN_UNINITIALIZED_AUTOS = YES_AGGRESSIVE;
				GCC_WARN_UNUSED_FUNCTION = YES;
				GCC_WARN_UNUSED_VARIABLE = YES;
				MTL_ENABLE_DEBUG_INFO = INCLUDE_SOURCE;
				MTL_FAST_MATH = YES;
				ONLY_ACTIVE_ARCH = YES;
				PRODUCT_NAME = "$(TARGET_NAME)";
				SDKROOT = macosx;
				SWIFT_ACTIVE_COMPILATION_CONDITIONS = DEBUG;
				SWIFT_OPTIMIZATION_LEVEL = "-Onone";
				SWIFT_VERSION = 5.0;
			};
			name = Debug;
		};
		31FAB81F83E9413C6AF6C056 /* Release */ = {
			isa = XCBuildConfiguration;
			buildSettings = {
				CODE_SIGN_IDENTITY = "-";
				COMBINE_HIDPI_IMAGES = YES;
				LD_RUNPATH_SEARCH_PATHS = (
					"$(inherited)",
					"@executable_path/../Frameworks",
				);
				MACOSX_DEPLOYMENT_TARGET = 15.0;
				PRODUCT_BUNDLE_IDENTIFIER = com.proxdr.XDRemuxAppModelTests;
				SDKROOT = macosx;
			};
			name = Release;
		};
		5052B9F40473E2D5C1607B4F /* Release */ = {
			isa = XCBuildConfiguration;
			buildSettings = {
				ALWAYS_SEARCH_USER_PATHS = NO;
				CLANG_ANALYZER_NONNULL = YES;
				CLANG_ANALYZER_NUMBER_OBJECT_CONVERSION = YES_AGGRESSIVE;
				CLANG_CXX_LANGUAGE_STANDARD = "gnu++14";
				CLANG_CXX_LIBRARY = "libc++";
				CLANG_ENABLE_MODULES = YES;
				CLANG_ENABLE_OBJC_ARC = YES;
				CLANG_ENABLE_OBJC_WEAK = YES;
				CLANG_WARN_BLOCK_CAPTURE_AUTORELEASING = YES;
				CLANG_WARN_BOOL_CONVERSION = YES;
				CLANG_WARN_COMMA = YES;
				CLANG_WARN_CONSTANT_CONVERSION = YES;
				CLANG_WARN_DEPRECATED_OBJC_IMPLEMENTATIONS = YES;
				CLANG_WARN_DIRECT_OBJC_ISA_USAGE = YES_ERROR;
				CLANG_WARN_DOCUMENTATION_COMMENTS = YES;
				CLANG_WARN_EMPTY_BODY = YES;
				CLANG_WARN_ENUM_CONVERSION = YES;
				CLANG_WARN_INFINITE_RECURSION = YES;
				CLANG_WARN_INT_CONVERSION = YES;
				CLANG_WARN_NON_LITERAL_NULL_CONVERSION = YES;
				CLANG_WARN_OBJC_IMPLICIT_RETAIN_SELF = YES;
				CLANG_WARN_OBJC_LITERAL_CONVERSION = YES;
				CLANG_WARN_OBJC_ROOT_CLASS = YES_ERROR;
				CLANG_WARN_QUOTED_INCLUDE_IN_FRAMEWORK_HEADER = YES;
				CLANG_WARN_RANGE_LOOP_ANALYSIS = YES;
				CLANG_WARN_STRICT_PROTOTYPES = YES;
				CLANG_WARN_SUSPICIOUS_MOVE = YES;
				CLANG_WARN_UNGUARDED_AVAILABILITY = YES_AGGRESSIVE;
				CLANG_WARN_UNREACHABLE_CODE = YES;
				CLANG_WARN__DUPLICATE_METHOD_MATCH = YES;
				COPY_PHASE_STRIP = NO;
				DEBUG_INFORMATION_FORMAT = "dwarf-with-dsym";
				ENABLE_NS_ASSERTIONS = NO;
				ENABLE_STRICT_OBJC_MSGSEND = YES;
				GCC_C_LANGUAGE_STANDARD = gnu11;
				GCC_NO_COMMON_BLOCKS = YES;
				GCC_WARN_64_TO_32_BIT_CONVERSION = YES;
				GCC_WARN_ABOUT_RETURN_TYPE = YES_ERROR;
				GCC_WARN_UNDECLARED_SELECTOR = YES;
				GCC_WARN_UNINITIALIZED_AUTOS = YES_AGGRESSIVE;
				GCC_WARN_UNUSED_FUNCTION = YES;
				GCC_WARN_UNUSED_VARIABLE = YES;
				MTL_ENABLE_DEBUG_INFO = NO;
				MTL_FAST_MATH = YES;
				PRODUCT_NAME = "$(TARGET_NAME)";
				SDKROOT = macosx;
				SWIFT_COMPILATION_MODE = wholemodule;
				SWIFT_OPTIMIZATION_LEVEL = "-O";
				SWIFT_VERSION = 5.0;
			};
			name = Release;
		};
		70CAD3FF2F9EA351ABCAECB0 /* Debug */ = {
			isa = XCBuildConfiguration;
			buildSettings = {
				CODE_SIGN_IDENTITY = "-";
				COMBINE_HIDPI_IMAGES = YES;
				LD_RUNPATH_SEARCH_PATHS = (
					"$(inherited)",
					"@executable_path/../Frameworks",
				);
				MACOSX_DEPLOYMENT_TARGET = 15.0;
				PRODUCT_BUNDLE_IDENTIFIER = com.proxdr.XDRemuxAppConversionSmoke;
				SDKROOT = macosx;
			};
			name = Debug;
		};
		BDE0A282D57E3D8FDCB623CA /* Release */ = {
			isa = XCBuildConfiguration;
			buildSettings = {
				CODE_SIGN_IDENTITY = "-";
				COMBINE_HIDPI_IMAGES = YES;
				LD_RUNPATH_SEARCH_PATHS = (
					"$(inherited)",
					"@executable_path/../Frameworks",
				);
				MACOSX_DEPLOYMENT_TARGET = 15.0;
				PRODUCT_BUNDLE_IDENTIFIER = com.proxdr.XDRemuxAppConversionSmoke;
				SDKROOT = macosx;
			};
			name = Release;
		};
/* End XCBuildConfiguration section */

/* Begin XCConfigurationList section */
		4198193C287D6A1E2B413BBA /* Build configuration list for PBXProject "XDRemuxApp" */ = {
			isa = XCConfigurationList;
			buildConfigurations = (
				2AA016EAD730FC9F81AEE354 /* Debug */,
				5052B9F40473E2D5C1607B4F /* Release */,
			);
			defaultConfigurationIsVisible = 0;
			defaultConfigurationName = Debug;
		};
		85CB44165E48F2F8587BA77E /* Build configuration list for PBXNativeTarget "XDRemuxApp" */ = {
			isa = XCConfigurationList;
			buildConfigurations = (
				0842F78FE9009FC6A0F20304 /* Debug */,
				271039D9B0886A4A6336D4DB /* Release */,
			);
			defaultConfigurationIsVisible = 0;
			defaultConfigurationName = Debug;
		};
		9E7AA06415D18C7009F3CBDF /* Build configuration list for PBXNativeTarget "XDRemuxAppModelTests" */ = {
			isa = XCConfigurationList;
			buildConfigurations = (
				25519BD28AB27D8EDD9F3B68 /* Debug */,
				31FAB81F83E9413C6AF6C056 /* Release */,
			);
			defaultConfigurationIsVisible = 0;
			defaultConfigurationName = Debug;
		};
		C4EF20FFDEA8D4E0811426AE /* Build configuration list for PBXNativeTarget "XDRemuxAppConversionSmoke" */ = {
			isa = XCConfigurationList;
			buildConfigurations = (
				70CAD3FF2F9EA351ABCAECB0 /* Debug */,
				BDE0A282D57E3D8FDCB623CA /* Release */,
			);
			defaultConfigurationIsVisible = 0;
			defaultConfigurationName = Debug;
		};
/* End XCConfigurationList section */

/* Begin XCLocalSwiftPackageReference section */
		8C62C6224FAFB1642DF7DFC9 /* XCLocalSwiftPackageReference "../../.." */ = {
			isa = XCLocalSwiftPackageReference;
			relativePath = ../../..;
		};
/* End XCLocalSwiftPackageReference section */

/* Begin XCSwiftPackageProductDependency section */
		3F104D52F84F7132F954DC08 /* XDRemuxCore */ = {
			isa = XCSwiftPackageProductDependency;
			productName = XDRemuxCore;
		};
		5387D4A93C45E1A2DD45B6EC /* XDRemuxAppleFeatures */ = {
			isa = XCSwiftPackageProductDependency;
			productName = XDRemuxAppleFeatures;
		};
		55A425FEE6F8B9E96D90D2BC /* XDRemuxCore */ = {
			isa = XCSwiftPackageProductDependency;
			productName = XDRemuxCore;
		};
		5A1D61EF06B4A13105FB0521 /* XDRemuxCore */ = {
			isa = XCSwiftPackageProductDependency;
			productName = XDRemuxCore;
		};
		6161D9D9DDB6EF3D09CB1565 /* XDRemuxAppleFeatures */ = {
			isa = XCSwiftPackageProductDependency;
			productName = XDRemuxAppleFeatures;
		};
		F48590AC451F7304EEB000A2 /* XDRemuxAppleFeatures */ = {
			isa = XCSwiftPackageProductDependency;
			productName = XDRemuxAppleFeatures;
		};
/* End XCSwiftPackageProductDependency section */
	};
	rootObject = 9A7F749F21AB507A46FB89D2 /* Project object */;
}
